// !$*UTF8*$!
{
	archiveVersion = 1;
	classes = {
	};
	objectVersion = 50;
	objects = {

/* Begin PBXBuildFile section */
		4455BD8D45849E50C7EE50BF /* Pods_CameraAndLibrary.framework in Frameworks */ = {isa = PBXBuildFile; fileRef = 6C4E172360781CEFB6BBEB71 /* Pods_CameraAndLibrary.framework */; };
		61727E502227D5A100F2BCB2 /* PhotoHelper.swift in Sources */ = {isa = PBXBuildFile; fileRef = 61727E4F2227D5A100F2BCB2 /* PhotoHelper.swift */; };
		61727E5822290C4000F2BCB2 /* ViewController+CollectionExt.swift in Sources */ = {isa = PBXBuildFile; fileRef = 61727E5722290C4000F2BCB2 /* ViewController+CollectionExt.swift */; };
		61727E5A22290CDC00F2BCB2 /* ImageCollectionViewCell.swift in Sources */ = {isa = PBXBuildFile; fileRef = 61727E5922290CDC00F2BCB2 /* ImageCollectionViewCell.swift */; };
		61727E5C22291F9900F2BCB2 /* ImageDetailViewController.swift in Sources */ = {isa = PBXBuildFile; fileRef = 61727E5B22291F9900F2BCB2 /* ImageDetailViewController.swift */; };
		61C26BD5222FC551000FC0EA /* Utilities.swift in Sources */ = {isa = PBXBuildFile; fileRef = 61C26BD4222FC551000FC0EA /* Utilities.swift */; };
		61C26BD82230B197000FC0EA /* GoogleService-Info.plist in Resources */ = {isa = PBXBuildFile; fileRef = 61C26BD72230B197000FC0EA /* GoogleService-Info.plist */; };
		61DBCDE6222626140091EF26 /* AppDelegate.swift in Sources */ = {isa = PBXBuildFile; fileRef = 61DBCDE5222626140091EF26 /* AppDelegate.swift */; };
		61DBCDE8222626140091EF26 /* ViewController.swift in Sources */ = {isa = PBXBuildFile; fileRef = 61DBCDE7222626140091EF26 /* ViewController.swift */; };
		61DBCDEB222626140091EF26 /* Main.storyboard in Resources */ = {isa = PBXBuildFile; fileRef = 61DBCDE9222626140091EF26 /* Main.storyboard */; };
		61DBCDED222626170091EF26 /* Assets.xcassets in Resources */ = {isa = PBXBuildFile; fileRef = 61DBCDEC222626170091EF26 /* Assets.xcassets */; };
		61DBCDF0222626170091EF26 /* LaunchScreen.storyboard in Resources */ = {isa = PBXBuildFile; fileRef = 61DBCDEE222626170091EF26 /* LaunchScreen.storyboard */; };
		61DBCDFB222626170091EF26 /* CameraAndLibraryTests.swift in Sources */ = {isa = PBXBuildFile; fileRef = 61DBCDFA222626170091EF26 /* CameraAndLibraryTests.swift */; };
		61DBCE06222626170091EF26 /* CameraAndLibraryUITests.swift in Sources */ = {isa = PBXBuildFile; fileRef = 61DBCE05222626170091EF26 /* CameraAndLibraryUITests.swift */; };
		7AA39625950E53BE4BF23CB8 /* Pods_CameraAndLibraryTests.framework in Frameworks */ = {isa = PBXBuildFile; fileRef = 42807D0829E55010068A1B26 /* Pods_CameraAndLibraryTests.framework */; };
		B56B6411F13EF0535E87F576 /* Pods_CameraAndLibraryUITests.framework in Frameworks */ = {isa = PBXBuildFile; fileRef = 669895A1D1676C1AFA44115A /* Pods_CameraAndLibraryUITests.framework */; };
/* End PBXBuildFile section */

/* Begin PBXContainerItemProxy section */
		61DBCDF7222626170091EF26 /* PBXContainerItemProxy */ = {
			isa = PBXContainerItemProxy;
			containerPortal = 61DBCDDA222626140091EF26 /* Project object */;
			proxyType = 1;
			remoteGlobalIDString = 61DBCDE1222626140091EF26;
			remoteInfo = CameraAndLibrary;
		};
		61DBCE02222626170091EF26 /* PBXContainerItemProxy */ = {
			isa = PBXContainerItemProxy;
			containerPortal = 61DBCDDA222626140091EF26 /* Project object */;
			proxyType = 1;
			remoteGlobalIDString = 61DBCDE1222626140091EF26;
			remoteInfo = CameraAndLibrary;
		};
/* End PBXContainerItemProxy section */

/* Begin PBXFileReference section */
		011378AA459FE923EF17AD21 /* Pods-CameraAndLibraryUITests.debug.xcconfig */ = {isa = PBXFileReference; includeInIndex = 1; lastKnownFileType = text.xcconfig; name = "Pods-CameraAndLibraryUITests.debug.xcconfig"; path = "Pods/Target Support Files/Pods-CameraAndLibraryUITests/Pods-CameraAndLibraryUITests.debug.xcconfig"; sourceTree = "<group>"; };
		42807D0829E55010068A1B26 /* Pods_CameraAndLibraryTests.framework */ = {isa = PBXFileReference; explicitFileType = wrapper.framework; includeInIndex = 0; path = Pods_CameraAndLibraryTests.framework; sourceTree = BUILT_PRODUCTS_DIR; };
		61727E4F2227D5A100F2BCB2 /* PhotoHelper.swift */ = {isa = PBXFileReference; lastKnownFileType = sourcecode.swift; path = PhotoHelper.swift; sourceTree = "<group>"; };
		61727E5722290C4000F2BCB2 /* ViewController+CollectionExt.swift */ = {isa = PBXFileReference; lastKnownFileType = sourcecode.swift; path = "ViewController+CollectionExt.swift"; sourceTree = "<group>"; };
		61727E5922290CDC00F2BCB2 /* ImageCollectionViewCell.swift */ = {isa = PBXFileReference; lastKnownFileType = sourcecode.swift; path = ImageCollectionViewCell.swift; sourceTree = "<group>"; };
		61727E5B22291F9900F2BCB2 /* ImageDetailViewController.swift */ = {isa = PBXFileReference; lastKnownFileType = sourcecode.swift; path = ImageDetailViewController.swift; sourceTree = "<group>"; };
		61C26BD4222FC551000FC0EA /* Utilities.swift */ = {isa = PBXFileReference; lastKnownFileType = sourcecode.swift; path = Utilities.swift; sourceTree = "<group>"; };
		61C26BD62230AF4C000FC0EA /* CameraAndLibrary.entitlements */ = {isa = PBXFileReference; lastKnownFileType = text.plist.entitlements; path = CameraAndLibrary.entitlements; sourceTree = "<group>"; };
		61C26BD72230B197000FC0EA /* GoogleService-Info.plist */ = {isa = PBXFileReference; fileEncoding = 4; lastKnownFileType = text.plist.xml; path = "GoogleService-Info.plist"; sourceTree = "<group>"; };
		61DBCDE2222626140091EF26 /* CameraAndLibrary.app */ = {isa = PBXFileReference; explicitFileType = wrapper.application; includeInIndex = 0; path = CameraAndLibrary.app; sourceTree = BUILT_PRODUCTS_DIR; };
		61DBCDE5222626140091EF26 /* AppDelegate.swift */ = {isa = PBXFileReference; lastKnownFileType = sourcecode.swift; path = AppDelegate.swift; sourceTree = "<group>"; };
		61DBCDE7222626140091EF26 /* ViewController.swift */ = {isa = PBXFileReference; lastKnownFileType = sourcecode.swift; path = ViewController.swift; sourceTree = "<group>"; };
		61DBCDEA222626140091EF26 /* Base */ = {isa = PBXFileReference; lastKnownFileType = file.storyboard; name = Base; path = Base.lproj/Main.storyboard; sourceTree = "<group>"; };
		61DBCDEC222626170091EF26 /* Assets.xcassets */ = {isa = PBXFileReference; lastKnownFileType = folder.assetcatalog; path = Assets.xcassets; sourceTree = "<group>"; };
		61DBCDEF222626170091EF26 /* Base */ = {isa = PBXFileReference; lastKnownFileType = file.storyboard; name = Base; path = Base.lproj/LaunchScreen.storyboard; sourceTree = "<group>"; };
		61DBCDF1222626170091EF26 /* Info.plist */ = {isa = PBXFileReference; lastKnownFileType = text.plist.xml; path = Info.plist; sourceTree = "<group>"; };
		61DBCDF6222626170091EF26 /* CameraAndLibraryTests.xctest */ = {isa = PBXFileReference; explicitFileType = wrapper.cfbundle; includeInIndex = 0; path = CameraAndLibraryTests.xctest; sourceTree = BUILT_PRODUCTS_DIR; };
		61DBCDFA222626170091EF26 /* CameraAndLibraryTests.swift */ = {isa = PBXFileReference; lastKnownFileType = sourcecode.swift; path = CameraAndLibraryTests.swift; sourceTree = "<group>"; };
		61DBCDFC222626170091EF26 /* Info.plist */ = {isa = PBXFileReference; lastKnownFileType = text.plist.xml; path = Info.plist; sourceTree = "<group>"; };
		61DBCE01222626170091EF26 /* CameraAndLibraryUITests.xctest */ = {isa = PBXFileReference; explicitFileType = wrapper.cfbundle; includeInIndex = 0; path = CameraAndLibraryUITests.xctest; sourceTree = BUILT_PRODUCTS_DIR; };
		61DBCE05222626170091EF26 /* CameraAndLibraryUITests.swift */ = {isa = PBXFileReference; lastKnownFileType = sourcecode.swift; path = CameraAndLibraryUITests.swift; sourceTree = "<group>"; };
		61DBCE07222626170091EF26 /* Info.plist */ = {isa = PBXFileReference; lastKnownFileType = text.plist.xml; path = Info.plist; sourceTree = "<group>"; };
		669895A1D1676C1AFA44115A /* Pods_CameraAndLibraryUITests.framework */ = {isa = PBXFileReference; explicitFileType = wrapper.framework; includeInIndex = 0; path = Pods_CameraAndLibraryUITests.framework; sourceTree = BUILT_PRODUCTS_DIR; };
		6C4E172360781CEFB6BBEB71 /* Pods_CameraAndLibrary.framework */ = {isa = PBXFileReference; explicitFileType = wrapper.framework; includeInIndex = 0; path = Pods_CameraAndLibrary.framework; sourceTree = BUILT_PRODUCTS_DIR; };
		770B06E624E7F7238F03CE43 /* Pods-CameraAndLibrary.release.xcconfig */ = {isa = PBXFileReference; includeInIndex = 1; lastKnownFileType = text.xcconfig; name = "Pods-CameraAndLibrary.release.xcconfig"; path = "Pods/Target Support Files/Pods-CameraAndLibrary/Pods-CameraAndLibrary.release.xcconfig"; sourceTree = "<group>"; };
		7C01A363890B2FCABEF0D102 /* Pods-CameraAndLibraryTests.release.xcconfig */ = {isa = PBXFileReference; includeInIndex = 1; lastKnownFileType = text.xcconfig; name = "Pods-CameraAndLibraryTests.release.xcconfig"; path = "Pods/Target Support Files/Pods-CameraAndLibraryTests/Pods-CameraAndLibraryTests.release.xcconfig"; sourceTree = "<group>"; };
		882B9819050076AD762C42C1 /* Pods-CameraAndLibraryUITests.release.xcconfig */ = {isa = PBXFileReference; includeInIndex = 1; lastKnownFileType = text.xcconfig; name = "Pods-CameraAndLibraryUITests.release.xcconfig"; path = "Pods/Target Support Files/Pods-CameraAndLibraryUITests/Pods-CameraAndLibraryUITests.release.xcconfig"; sourceTree = "<group>"; };
		DD9F66A2DE62363B2E28B6F2 /* Pods-CameraAndLibrary.debug.xcconfig */ = {isa = PBXFileReference; includeInIndex = 1; lastKnownFileType = text.xcconfig; name = "Pods-CameraAndLibrary.debug.xcconfig"; path = "Pods/Target Support Files/Pods-CameraAndLibrary/Pods-CameraAndLibrary.debug.xcconfig"; sourceTree = "<group>"; };
		EFB5F02F970CCB81A80C20C7 /* Pods-CameraAndLibraryTests.debug.xcconfig */ = {isa = PBXFileReference; includeInIndex = 1; lastKnownFileType = text.xcconfig; name = "Pods-CameraAndLibraryTests.debug.xcconfig"; path = "Pods/Target Support Files/Pods-CameraAndLibraryTests/Pods-CameraAndLibraryTests.debug.xcconfig"; sourceTree = "<group>"; };
/* End PBXFileReference section */

/* Begin PBXFrameworksBuildPhase section */
		61DBCDDF222626140091EF26 /* Frameworks */ = {
			isa = PBXFrameworksBuildPhase;
			buildActionMask = 2147483647;
			files = (
				4455BD8D45849E50C7EE50BF /* Pods_CameraAndLibrary.framework in Frameworks */,
			);
			runOnlyForDeploymentPostprocessing = 0;
		};
		61DBCDF3222626170091EF26 /* Frameworks */ = {
			isa = PBXFrameworksBuildPhase;
			buildActionMask = 2147483647;
			files = (
				7AA39625950E53BE4BF23CB8 /* Pods_CameraAndLibraryTests.framework in Frameworks */,
			);
			runOnlyForDeploymentPostprocessing = 0;
		};
		61DBCDFE222626170091EF26 /* Frameworks */ = {
			isa = PBXFrameworksBuildPhase;
			buildActionMask = 2147483647;
			files = (
				B56B6411F13EF0535E87F576 /* Pods_CameraAndLibraryUITests.framework in Frameworks */,
			);
			runOnlyForDeploymentPostprocessing = 0;
		};
/* End PBXFrameworksBuildPhase section */

/* Begin PBXGroup section */
		4AE67C6D4EB0EEFB13C96FC2 /* Frameworks */ = {
			isa = PBXGroup;
			children = (
				6C4E172360781CEFB6BBEB71 /* Pods_CameraAndLibrary.framework */,
				42807D0829E55010068A1B26 /* Pods_CameraAndLibraryTests.framework */,
				669895A1D1676C1AFA44115A /* Pods_CameraAndLibraryUITests.framework */,
			);
			name = Frameworks;
			sourceTree = "<group>";
		};
		61070723222CC6C20076739D /* Helper */ = {
			isa = PBXGroup;
			children = (
				61727E4F2227D5A100F2BCB2 /* PhotoHelper.swift */,
				61C26BD4222FC551000FC0EA /* Utilities.swift */,
			);
			path = Helper;
			sourceTree = "<group>";
		};
		61070724222CC6D20076739D /* Controller */ = {
			isa = PBXGroup;
			children = (
				61DBCDE7222626140091EF26 /* ViewController.swift */,
				61727E5722290C4000F2BCB2 /* ViewController+CollectionExt.swift */,
				61727E5B22291F9900F2BCB2 /* ImageDetailViewController.swift */,
			);
			path = Controller;
			sourceTree = "<group>";
		};
		61DBCDD9222626140091EF26 = {
			isa = PBXGroup;
			children = (
				61DBCDE4222626140091EF26 /* CameraAndLibrary */,
				61DBCDF9222626170091EF26 /* CameraAndLibraryTests */,
				61DBCE04222626170091EF26 /* CameraAndLibraryUITests */,
				61DBCDE3222626140091EF26 /* Products */,
				ABBB0244C7F7ADC3B0D8F087 /* Pods */,
				4AE67C6D4EB0EEFB13C96FC2 /* Frameworks */,
			);
			sourceTree = "<group>";
		};
		61DBCDE3222626140091EF26 /* Products */ = {
			isa = PBXGroup;
			children = (
				61DBCDE2222626140091EF26 /* CameraAndLibrary.app */,
				61DBCDF6222626170091EF26 /* CameraAndLibraryTests.xctest */,
				61DBCE01222626170091EF26 /* CameraAndLibraryUITests.xctest */,
			);
			name = Products;
			sourceTree = "<group>";
		};
		61DBCDE4222626140091EF26 /* CameraAndLibrary */ = {
			isa = PBXGroup;
			children = (
				61C26BD62230AF4C000FC0EA /* CameraAndLibrary.entitlements */,
				61C26BD72230B197000FC0EA /* GoogleService-Info.plist */,
				61070724222CC6D20076739D /* Controller */,
				61070723222CC6C20076739D /* Helper */,
				61DBCDE5222626140091EF26 /* AppDelegate.swift */,
				61DBCDE9222626140091EF26 /* Main.storyboard */,
				61DBCDEC222626170091EF26 /* Assets.xcassets */,
				61DBCDEE222626170091EF26 /* LaunchScreen.storyboard */,
				61DBCDF1222626170091EF26 /* Info.plist */,
				61727E5922290CDC00F2BCB2 /* ImageCollectionViewCell.swift */,
			);
			path = CameraAndLibrary;
			sourceTree = "<group>";
		};
		61DBCDF9222626170091EF26 /* CameraAndLibraryTests */ = {
			isa = PBXGroup;
			children = (
				61DBCDFA222626170091EF26 /* CameraAndLibraryTests.swift */,
				61DBCDFC222626170091EF26 /* Info.plist */,
			);
			path = CameraAndLibraryTests;
			sourceTree = "<group>";
		};
		61DBCE04222626170091EF26 /* CameraAndLibraryUITests */ = {
			isa = PBXGroup;
			children = (
				61DBCE05222626170091EF26 /* CameraAndLibraryUITests.swift */,
				61DBCE07222626170091EF26 /* Info.plist */,
			);
			path = CameraAndLibraryUITests;
			sourceTree = "<group>";
		};
		ABBB0244C7F7ADC3B0D8F087 /* Pods */ = {
			isa = PBXGroup;
			children = (
				DD9F66A2DE62363B2E28B6F2 /* Pods-CameraAndLibrary.debug.xcconfig */,
				770B06E624E7F7238F03CE43 /* Pods-CameraAndLibrary.release.xcconfig */,
				EFB5F02F970CCB81A80C20C7 /* Pods-CameraAndLibraryTests.debug.xcconfig */,
				7C01A363890B2FCABEF0D102 /* Pods-CameraAndLibraryTests.release.xcconfig */,
				011378AA459FE923EF17AD21 /* Pods-CameraAndLibraryUITests.debug.xcconfig */,
				882B9819050076AD762C42C1 /* Pods-CameraAndLibraryUITests.release.xcconfig */,
			);
			name = Pods;
			sourceTree = "<group>";
		};
/* End PBXGroup section */

/* Begin PBXNativeTarget section */
		61DBCDE1222626140091EF26 /* CameraAndLibrary */ = {
			isa = PBXNativeTarget;
			buildConfigurationList = 61DBCE0A222626170091EF26 /* Build configuration list for PBXNativeTarget "CameraAndLibrary" */;
			buildPhases = (
				86F2B71406E79B762BB074D9 /* [CP] Check Pods Manifest.lock */,
				61DBCDDE222626140091EF26 /* Sources */,
				61DBCDDF222626140091EF26 /* Frameworks */,
				61DBCDE0222626140091EF26 /* Resources */,
				E85A5C6029A280E1BC06A402 /* [CP] Embed Pods Frameworks */,
				62B643FD46FFF0008F984355 /* [CP] Copy Pods Resources */,
			);
			buildRules = (
			);
			dependencies = (
			);
			name = CameraAndLibrary;
			productName = CameraAndLibrary;
			productReference = 61DBCDE2222626140091EF26 /* CameraAndLibrary.app */;
			productType = "com.apple.product-type.application";
		};
		61DBCDF5222626170091EF26 /* CameraAndLibraryTests */ = {
			isa = PBXNativeTarget;
			buildConfigurationList = 61DBCE0D222626170091EF26 /* Build configuration list for PBXNativeTarget "CameraAndLibraryTests" */;
			buildPhases = (
				8CA8E6207D3D65044F862D79 /* [CP] Check Pods Manifest.lock */,
				61DBCDF2222626170091EF26 /* Sources */,
				61DBCDF3222626170091EF26 /* Frameworks */,
				61DBCDF4222626170091EF26 /* Resources */,
			);
			buildRules = (
			);
			dependencies = (
				61DBCDF8222626170091EF26 /* PBXTargetDependency */,
			);
			name = CameraAndLibraryTests;
			productName = CameraAndLibraryTests;
			productReference = 61DBCDF6222626170091EF26 /* CameraAndLibraryTests.xctest */;
			productType = "com.apple.product-type.bundle.unit-test";
		};
		61DBCE00222626170091EF26 /* CameraAndLibraryUITests */ = {
			isa = PBXNativeTarget;
			buildConfigurationList = 61DBCE10222626170091EF26 /* Build configuration list for PBXNativeTarget "CameraAndLibraryUITests" */;
			buildPhases = (
				01BD93D5CF946E8BFD9D26AB /* [CP] Check Pods Manifest.lock */,
				61DBCDFD222626170091EF26 /* Sources */,
				61DBCDFE222626170091EF26 /* Frameworks */,
				61DBCDFF222626170091EF26 /* Resources */,
			);
			buildRules = (
			);
			dependencies = (
				61DBCE03222626170091EF26 /* PBXTargetDependency */,
			);
			name = CameraAndLibraryUITests;
			productName = CameraAndLibraryUITests;
			productReference = 61DBCE01222626170091EF26 /* CameraAndLibraryUITests.xctest */;
			productType = "com.apple.product-type.bundle.ui-testing";
		};
/* End PBXNativeTarget section */

/* Begin PBXProject section */
		61DBCDDA222626140091EF26 /* Project object */ = {
			isa = PBXProject;
			attributes = {
				LastSwiftUpdateCheck = 1010;
				LastUpgradeCheck = 1010;
				ORGANIZATIONNAME = can.khac.nguyen;
				TargetAttributes = {
					61DBCDE1222626140091EF26 = {
						CreatedOnToolsVersion = 10.1;
						SystemCapabilities = {
							com.apple.Push = {
								enabled = 1;
							};
						};
					};
					61DBCDF5222626170091EF26 = {
						CreatedOnToolsVersion = 10.1;
						TestTargetID = 61DBCDE1222626140091EF26;
					};
					61DBCE00222626170091EF26 = {
						CreatedOnToolsVersion = 10.1;
						TestTargetID = 61DBCDE1222626140091EF26;
					};
				};
			};
			buildConfigurationList = 61DBCDDD222626140091EF26 /* Build configuration list for PBXProject "CameraAndLibrary" */;
			compatibilityVersion = "Xcode 9.3";
			developmentRegion = en;
			hasScannedForEncodings = 0;
			knownRegions = (
				en,
				Base,
			);
			mainGroup = 61DBCDD9222626140091EF26;
			productRefGroup = 61DBCDE3222626140091EF26 /* Products */;
			projectDirPath = "";
			projectRoot = "";
			targets = (
				61DBCDE1222626140091EF26 /* CameraAndLibrary */,
				61DBCDF5222626170091EF26 /* CameraAndLibraryTests */,
				61DBCE00222626170091EF26 /* CameraAndLibraryUITests */,
			);
		};
/* End PBXProject section */

/* Begin PBXResourcesBuildPhase section */
		61DBCDE0222626140091EF26 /* Resources */ = {
			isa = PBXResourcesBuildPhase;
			buildActionMask = 2147483647;
			files = (
				61DBCDF0222626170091EF26 /* LaunchScreen.storyboard in Resources */,
				61C26BD82230B197000FC0EA /* GoogleService-Info.plist in Resources */,
				61DBCDED222626170091EF26 /* Assets.xcassets in Resources */,
				61DBCDEB222626140091EF26 /* Main.storyboard in Resources */,
			);
			runOnlyForDeploymentPostprocessing = 0;
		};
		61DBCDF4222626170091EF26 /* Resources */ = {
			isa = PBXResourcesBuildPhase;
			buildActionMask = 2147483647;
			files = (
			);
			runOnlyForDeploymentPostprocessing = 0;
		};
		61DBCDFF222626170091EF26 /* Resources */ = {
			isa = PBXResourcesBuildPhase;
			buildActionMask = 2147483647;
			files = (
			);
			runOnlyForDeploymentPostprocessing = 0;
		};
/* End PBXResourcesBuildPhase section */

/* Begin PBXShellScriptBuildPhase section */
		01BD93D5CF946E8BFD9D26AB /* [CP] Check Pods Manifest.lock */ = {
			isa = PBXShellScriptBuildPhase;
			buildActionMask = 2147483647;
			files = (
			);
			inputFileListPaths = (
			);
			inputPaths = (
				"${PODS_PODFILE_DIR_PATH}/Podfile.lock",
				"${PODS_ROOT}/Manifest.lock",
			);
			name = "[CP] Check Pods Manifest.lock";
			outputFileListPaths = (
			);
			outputPaths = (
				"$(DERIVED_FILE_DIR)/Pods-CameraAndLibraryUITests-checkManifestLockResult.txt",
			);
			runOnlyForDeploymentPostprocessing = 0;
			shellPath = /bin/sh;
			shellScript = "diff \"${PODS_PODFILE_DIR_PATH}/Podfile.lock\" \"${PODS_ROOT}/Manifest.lock\" > /dev/null\nif [ $? != 0 ] ; then\n    # print error to STDERR\n    echo \"error: The sandbox is not in sync with the Podfile.lock. Run 'pod install' or update your CocoaPods installation.\" >&2\n    exit 1\nfi\n# This output is used by Xcode 'outputs' to avoid re-running this script phase.\necho \"SUCCESS\" > \"${SCRIPT_OUTPUT_FILE_0}\"\n";
			showEnvVarsInLog = 0;
		};
		62B643FD46FFF0008F984355 /* [CP] Copy Pods Resources */ = {
			isa = PBXShellScriptBuildPhase;
			buildActionMask = 2147483647;
			files = (
			);
			inputFileListPaths = (
			);
			inputPaths = (
				"${SRCROOT}/Pods/Target Support Files/Pods-CameraAndLibrary/Pods-CameraAndLibrary-resources.sh",
				"${PODS_ROOT}/GoogleSignIn/Resources/GoogleSignIn.bundle",
			);
			name = "[CP] Copy Pods Resources";
			outputFileListPaths = (
			);
			outputPaths = (
				"${TARGET_BUILD_DIR}/${UNLOCALIZED_RESOURCES_FOLDER_PATH}/GoogleSignIn.bundle",
			);
			runOnlyForDeploymentPostprocessing = 0;
			shellPath = /bin/sh;
			shellScript = "\"${SRCROOT}/Pods/Target Support Files/Pods-CameraAndLibrary/Pods-CameraAndLibrary-resources.sh\"\n";
			showEnvVarsInLog = 0;
		};
		86F2B71406E79B762BB074D9 /* [CP] Check Pods Manifest.lock */ = {
			isa = PBXShellScriptBuildPhase;
			buildActionMask = 2147483647;
			files = (
			);
			inputFileListPaths = (
			);
			inputPaths = (
				"${PODS_PODFILE_DIR_PATH}/Podfile.lock",
				"${PODS_ROOT}/Manifest.lock",
			);
			name = "[CP] Check Pods Manifest.lock";
			outputFileListPaths = (
			);
			outputPaths = (
				"$(DERIVED_FILE_DIR)/Pods-CameraAndLibrary-checkManifestLockResult.txt",
			);
			runOnlyForDeploymentPostprocessing = 0;
			shellPath = /bin/sh;
			shellScript = "diff \"${PODS_PODFILE_DIR_PATH}/Podfile.lock\" \"${PODS_ROOT}/Manifest.lock\" > /dev/null\nif [ $? != 0 ] ; then\n    # print error to STDERR\n    echo \"error: The sandbox is not in sync with the Podfile.lock. Run 'pod install' or update your CocoaPods installation.\" >&2\n    exit 1\nfi\n# This output is used by Xcode 'outputs' to avoid re-running this script phase.\necho \"SUCCESS\" > \"${SCRIPT_OUTPUT_FILE_0}\"\n";
			showEnvVarsInLog = 0;
		};
		8CA8E6207D3D65044F862D79 /* [CP] Check Pods Manifest.lock */ = {
			isa = PBXShellScriptBuildPhase;
			buildActionMask = 2147483647;
			files = (
			);
			inputFileListPaths = (
			);
			inputPaths = (
				"${PODS_PODFILE_DIR_PATH}/Podfile.lock",
				"${PODS_ROOT}/Manifest.lock",
			);
			name = "[CP] Check Pods Manifest.lock";
			outputFileListPaths = (
			);
			outputPaths = (
				"$(DERIVED_FILE_DIR)/Pods-CameraAndLibraryTests-checkManifestLockResult.txt",
			);
			runOnlyForDeploymentPostprocessing = 0;
			shellPath = /bin/sh;
			shellScript = "diff \"${PODS_PODFILE_DIR_PATH}/Podfile.lock\" \"${PODS_ROOT}/Manifest.lock\" > /dev/null\nif [ $? != 0 ] ; then\n    # print error to STDERR\n    echo \"error: The sandbox is not in sync with the Podfile.lock. Run 'pod install' or update your CocoaPods installation.\" >&2\n    exit 1\nfi\n# This output is used by Xcode 'outputs' to avoid re-running this script phase.\necho \"SUCCESS\" > \"${SCRIPT_OUTPUT_FILE_0}\"\n";
			showEnvVarsInLog = 0;
		};
		E85A5C6029A280E1BC06A402 /* [CP] Embed Pods Frameworks */ = {
			isa = PBXShellScriptBuildPhase;
			buildActionMask = 2147483647;
			files = (
			);
			inputFileListPaths = (
			);
			inputPaths = (
				"${SRCROOT}/Pods/Target Support Files/Pods-CameraAndLibrary/Pods-CameraAndLibrary-frameworks.sh",
				"${BUILT_PRODUCTS_DIR}/Bolts/Bolts.framework",
				"${BUILT_PRODUCTS_DIR}/FBSDKCoreKit/FBSDKCoreKit.framework",
				"${BUILT_PRODUCTS_DIR}/FBSDKLoginKit/FBSDKLoginKit.framework",
				"${BUILT_PRODUCTS_DIR}/FBSDKShareKit/FBSDKShareKit.framework",
				"${BUILT_PRODUCTS_DIR}/FacebookCore/FacebookCore.framework",
				"${BUILT_PRODUCTS_DIR}/FacebookLogin/FacebookLogin.framework",
				"${BUILT_PRODUCTS_DIR}/FacebookShare/FacebookShare.framework",
				"${BUILT_PRODUCTS_DIR}/GTMSessionFetcher/GTMSessionFetcher.framework",
				"${BUILT_PRODUCTS_DIR}/GoogleToolboxForMac/GoogleToolboxForMac.framework",
				"${BUILT_PRODUCTS_DIR}/GoogleUtilities/GoogleUtilities.framework",
				"${BUILT_PRODUCTS_DIR}/Protobuf/Protobuf.framework",
				"${BUILT_PRODUCTS_DIR}/nanopb/nanopb.framework",
			);
			name = "[CP] Embed Pods Frameworks";
			outputFileListPaths = (
			);
			outputPaths = (
				"${TARGET_BUILD_DIR}/${FRAMEWORKS_FOLDER_PATH}/Bolts.framework",
				"${TARGET_BUILD_DIR}/${FRAMEWORKS_FOLDER_PATH}/FBSDKCoreKit.framework",
				"${TARGET_BUILD_DIR}/${FRAMEWORKS_FOLDER_PATH}/FBSDKLoginKit.framework",
				"${TARGET_BUILD_DIR}/${FRAMEWORKS_FOLDER_PATH}/FBSDKShareKit.framework",
				"${TARGET_BUILD_DIR}/${FRAMEWORKS_FOLDER_PATH}/FacebookCore.framework",
				"${TARGET_BUILD_DIR}/${FRAMEWORKS_FOLDER_PATH}/FacebookLogin.framework",
				"${TARGET_BUILD_DIR}/${FRAMEWORKS_FOLDER_PATH}/FacebookShare.framework",
				"${TARGET_BUILD_DIR}/${FRAMEWORKS_FOLDER_PATH}/GTMSessionFetcher.framework",
				"${TARGET_BUILD_DIR}/${FRAMEWORKS_FOLDER_PATH}/GoogleToolboxForMac.framework",
				"${TARGET_BUILD_DIR}/${FRAMEWORKS_FOLDER_PATH}/GoogleUtilities.framework",
				"${TARGET_BUILD_DIR}/${FRAMEWORKS_FOLDER_PATH}/Protobuf.framework",
				"${TARGET_BUILD_DIR}/${FRAMEWORKS_FOLDER_PATH}/nanopb.framework",
			);
			runOnlyForDeploymentPostprocessing = 0;
			shellPath = /bin/sh;
			shellScript = "\"${SRCROOT}/Pods/Target Support Files/Pods-CameraAndLibrary/Pods-CameraAndLibrary-frameworks.sh\"\n";
			showEnvVarsInLog = 0;
		};
/* End PBXShellScriptBuildPhase section */

/* Begin PBXSourcesBuildPhase section */
		61DBCDDE222626140091EF26 /* Sources */ = {
			isa = PBXSourcesBuildPhase;
			buildActionMask = 2147483647;
			files = (
				61DBCDE8222626140091EF26 /* ViewController.swift in Sources */,
				61727E5822290C4000F2BCB2 /* ViewController+CollectionExt.swift in Sources */,
				61C26BD5222FC551000FC0EA /* Utilities.swift in Sources */,
				61727E5A22290CDC00F2BCB2 /* ImageCollectionViewCell.swift in Sources */,
				61727E502227D5A100F2BCB2 /* PhotoHelper.swift in Sources */,
				61DBCDE6222626140091EF26 /* AppDelegate.swift in Sources */,
				61727E5C22291F9900F2BCB2 /* ImageDetailViewController.swift in Sources */,
			);
			runOnlyForDeploymentPostprocessing = 0;
		};
		61DBCDF2222626170091EF26 /* Sources */ = {
			isa = PBXSourcesBuildPhase;
			buildActionMask = 2147483647;
			files = (
				61DBCDFB222626170091EF26 /* CameraAndLibraryTests.swift in Sources */,
			);
			runOnlyForDeploymentPostprocessing = 0;
		};
		61DBCDFD222626170091EF26 /* Sources */ = {
			isa = PBXSourcesBuildPhase;
			buildActionMask = 2147483647;
			files = (
				61DBCE06222626170091EF26 /* CameraAndLibraryUITests.swift in Sources */,
			);
			runOnlyForDeploymentPostprocessing = 0;
		};
/* End PBXSourcesBuildPhase section */

/* Begin PBXTargetDependency section */
		61DBCDF8222626170091EF26 /* PBXTargetDependency */ = {
			isa = PBXTargetDependency;
			target = 61DBCDE1222626140091EF26 /* CameraAndLibrary */;
			targetProxy = 61DBCDF7222626170091EF26 /* PBXContainerItemProxy */;
		};
		61DBCE03222626170091EF26 /* PBXTargetDependency */ = {
			isa = PBXTargetDependency;
			target = 61DBCDE1222626140091EF26 /* CameraAndLibrary */;
			targetProxy = 61DBCE02222626170091EF26 /* PBXContainerItemProxy */;
		};
/* End PBXTargetDependency section */

/* Begin PBXVariantGroup section */
		61DBCDE9222626140091EF26 /* Main.storyboard */ = {
			isa = PBXVariantGroup;
			children = (
				61DBCDEA222626140091EF26 /* Base */,
			);
			name = Main.storyboard;
			sourceTree = "<group>";
		};
		61DBCDEE222626170091EF26 /* LaunchScreen.storyboard */ = {
			isa = PBXVariantGroup;
			children = (
				61DBCDEF222626170091EF26 /* Base */,
			);
			name = LaunchScreen.storyboard;
			sourceTree = "<group>";
		};
/* End PBXVariantGroup section */

/* Begin XCBuildConfiguration section */
		61DBCE08222626170091EF26 /* Debug */ = {
			isa = XCBuildConfiguration;
			buildSettings = {
				ALWAYS_SEARCH_USER_PATHS = NO;
				CLANG_ANALYZER_NONNULL = YES;
				CLANG_ANALYZER_NUMBER_OBJECT_CONVERSION = YES_AGGRESSIVE;
				CLANG_CXX_LANGUAGE_STANDARD = "gnu++14";
				CLANG_CXX_LIBRARY = "libc++";
				CLANG_ENABLE_MODULES = YES;
				CLANG_ENABLE_OBJC_ARC = YES;
				CLANG_ENABLE_OBJC_WEAK = YES;
				CLANG_WARN_BLOCK_CAPTURE_AUTORELEASING = YES;
				CLANG_WARN_BOOL_CONVERSION = YES;
				CLANG_WARN_COMMA = YES;
				CLANG_WARN_CONSTANT_CONVERSION = YES;
				CLANG_WARN_DEPRECATED_OBJC_IMPLEMENTATIONS = YES;
				CLANG_WARN_DIRECT_OBJC_ISA_USAGE = YES_ERROR;
				CLANG_WARN_DOCUMENTATION_COMMENTS = YES;
				CLANG_WARN_EMPTY_BODY = YES;
				CLANG_WARN_ENUM_CONVERSION = YES;
				CLANG_WARN_INFINITE_RECURSION = YES;
				CLANG_WARN_INT_CONVERSION = YES;
				CLANG_WARN_NON_LITERAL_NULL_CONVERSION = YES;
				CLANG_WARN_OBJC_IMPLICIT_RETAIN_SELF = YES;
				CLANG_WARN_OBJC_LITERAL_CONVERSION = YES;
				CLANG_WARN_OBJC_ROOT_CLASS = YES_ERROR;
				CLANG_WARN_RANGE_LOOP_ANALYSIS = YES;
				CLANG_WARN_STRICT_PROTOTYPES = YES;
				CLANG_WARN_SUSPICIOUS_MOVE = YES;
				CLANG_WARN_UNGUARDED_AVAILABILITY = YES_AGGRESSIVE;
				CLANG_WARN_UNREACHABLE_CODE = YES;
				CLANG_WARN__DUPLICATE_METHOD_MATCH = YES;
				CODE_SIGN_IDENTITY = "iPhone Developer";
				COPY_PHASE_STRIP = NO;
				DEBUG_INFORMATION_FORMAT = dwarf;
				ENABLE_STRICT_OBJC_MSGSEND = YES;
				ENABLE_TESTABILITY = YES;
				GCC_C_LANGUAGE_STANDARD = gnu11;
				GCC_DYNAMIC_NO_PIC = NO;
				GCC_NO_COMMON_BLOCKS = YES;
				GCC_OPTIMIZATION_LEVEL = 0;
				GCC_PREPROCESSOR_DEFINITIONS = (
					"DEBUG=1",
					"$(inherited)",
				);
				GCC_WARN_64_TO_32_BIT_CONVERSION = YES;
				GCC_WARN_ABOUT_RETURN_TYPE = YES_ERROR;
				GCC_WARN_UNDECLARED_SELECTOR = YES;
				GCC_WARN_UNINITIALIZED_AUTOS = YES_AGGRESSIVE;
				GCC_WARN_UNUSED_FUNCTION = YES;
				GCC_WARN_UNUSED_VARIABLE = YES;
				IPHONEOS_DEPLOYMENT_TARGET = 12.1;
				MTL_ENABLE_DEBUG_INFO = INCLUDE_SOURCE;
				MTL_FAST_MATH = YES;
				ONLY_ACTIVE_ARCH = YES;
				SDKROOT = iphoneos;
				SWIFT_ACTIVE_COMPILATION_CONDITIONS = DEBUG;
				SWIFT_OPTIMIZATION_LEVEL = "-Onone";
			};
			name = Debug;
		};
		61DBCE09222626170091EF26 /* Release */ = {
			isa = XCBuildConfiguration;
			buildSettings = {
				ALWAYS_SEARCH_USER_PATHS = NO;
				CLANG_ANALYZER_NONNULL = YES;
				CLANG_ANALYZER_NUMBER_OBJECT_CONVERSION = YES_AGGRESSIVE;
				CLANG_CXX_LANGUAGE_STANDARD = "gnu++14";
				CLANG_CXX_LIBRARY = "libc++";
				CLANG_ENABLE_MODULES = YES;
				CLANG_ENABLE_OBJC_ARC = YES;
				CLANG_ENABLE_OBJC_WEAK = YES;
				CLANG_WARN_BLOCK_CAPTURE_AUTORELEASING = YES;
				CLANG_WARN_BOOL_CONVERSION = YES;
				CLANG_WARN_COMMA = YES;
				CLANG_WARN_CONSTANT_CONVERSION = YES;
				CLANG_WARN_DEPRECATED_OBJC_IMPLEMENTATIONS = YES;
				CLANG_WARN_DIRECT_OBJC_ISA_USAGE = YES_ERROR;
				CLANG_WARN_DOCUMENTATION_COMMENTS = YES;
				CLANG_WARN_EMPTY_BODY = YES;
				CLANG_WARN_ENUM_CONVERSION = YES;
				CLANG_WARN_INFINITE_RECURSION = YES;
				CLANG_WARN_INT_CONVERSION = YES;
				CLANG_WARN_NON_LITERAL_NULL_CONVERSION = YES;
				CLANG_WARN_OBJC_IMPLICIT_RETAIN_SELF = YES;
				CLANG_WARN_OBJC_LITERAL_CONVERSION = YES;
				CLANG_WARN_OBJC_ROOT_CLASS = YES_ERROR;
				CLANG_WARN_RANGE_LOOP_ANALYSIS = YES;
				CLANG_WARN_STRICT_PROTOTYPES = YES;
				CLANG_WARN_SUSPICIOUS_MOVE = YES;
				CLANG_WARN_UNGUARDED_AVAILABILITY = YES_AGGRESSIVE;
				CLANG_WARN_UNREACHABLE_CODE = YES;
				CLANG_WARN__DUPLICATE_METHOD_MATCH = YES;
				CODE_SIGN_IDENTITY = "iPhone Developer";
				COPY_PHASE_STRIP = NO;
				DEBUG_INFORMATION_FORMAT = "dwarf-with-dsym";
				ENABLE_NS_ASSERTIONS = NO;
				ENABLE_STRICT_OBJC_MSGSEND = YES;
				GCC_C_LANGUAGE_STANDARD = gnu11;
				GCC_NO_COMMON_BLOCKS = YES;
				GCC_WARN_64_TO_32_BIT_CONVERSION = YES;
				GCC_WARN_ABOUT_RETURN_TYPE = YES_ERROR;
				GCC_WARN_UNDECLARED_SELECTOR = YES;
				GCC_WARN_UNINITIALIZED_AUTOS = YES_AGGRESSIVE;
				GCC_WARN_UNUSED_FUNCTION = YES;
				GCC_WARN_UNUSED_VARIABLE = YES;
				IPHONEOS_DEPLOYMENT_TARGET = 12.1;
				MTL_ENABLE_DEBUG_INFO = NO;
				MTL_FAST_MATH = YES;
				SDKROOT = iphoneos;
				SWIFT_COMPILATION_MODE = wholemodule;
				SWIFT_OPTIMIZATION_LEVEL = "-O";
				VALIDATE_PRODUCT = YES;
			};
			name = Release;
		};
		61DBCE0B222626170091EF26 /* Debug */ = {
			isa = XCBuildConfiguration;
			baseConfigurationReference = DD9F66A2DE62363B2E28B6F2 /* Pods-CameraAndLibrary.debug.xcconfig */;
			buildSettings = {
				ASSETCATALOG_COMPILER_APPICON_NAME = AppIcon;
				CODE_SIGN_ENTITLEMENTS = CameraAndLibrary/CameraAndLibrary.entitlements;
				CODE_SIGN_STYLE = Manual;
				DEVELOPMENT_TEAM = UEHM6HGACJ;
				INFOPLIST_FILE = CameraAndLibrary/Info.plist;
				IPHONEOS_DEPLOYMENT_TARGET = 11.0;
				LD_RUNPATH_SEARCH_PATHS = (
					"$(inherited)",
					"@executable_path/Frameworks",
				);
				PRODUCT_BUNDLE_IDENTIFIER = com.ban9ban3.TestPush;
				PRODUCT_NAME = "$(TARGET_NAME)";
				PROVISIONING_PROFILE_SPECIFIER = "Test Push iOS Development";
				SWIFT_VERSION = 4.2;
				TARGETED_DEVICE_FAMILY = "1,2";
			};
			name = Debug;
		};
		61DBCE0C222626170091EF26 /* Release */ = {
			isa = XCBuildConfiguration;
			baseConfigurationReference = 770B06E624E7F7238F03CE43 /* Pods-CameraAndLibrary.release.xcconfig */;
			buildSettings = {
				ASSETCATALOG_COMPILER_APPICON_NAME = AppIcon;
				CODE_SIGN_ENTITLEMENTS = CameraAndLibrary/CameraAndLibrary.entitlements;
				CODE_SIGN_STYLE = Manual;
				DEVELOPMENT_TEAM = "";
				INFOPLIST_FILE = CameraAndLibrary/Info.plist;
				IPHONEOS_DEPLOYMENT_TARGET = 11.0;
				LD_RUNPATH_SEARCH_PATHS = (
					"$(inherited)",
					"@executable_path/Frameworks",
				);
				PRODUCT_BUNDLE_IDENTIFIER = com.ban9ban3.TestPush;
				PRODUCT_NAME = "$(TARGET_NAME)";
				PROVISIONING_PROFILE_SPECIFIER = "";
				SWIFT_VERSION = 4.2;
				TARGETED_DEVICE_FAMILY = "1,2";
			};
			name = Release;
		};
		61DBCE0E222626170091EF26 /* Debug */ = {
			isa = XCBuildConfiguration;
			baseConfigurationReference = EFB5F02F970CCB81A80C20C7 /* Pods-CameraAndLibraryTests.debug.xcconfig */;
			buildSettings = {
				ALWAYS_EMBED_SWIFT_STANDARD_LIBRARIES = YES;
				BUNDLE_LOADER = "$(TEST_HOST)";
				CODE_SIGN_STYLE = Automatic;
				INFOPLIST_FILE = CameraAndLibraryTests/Info.plist;
				LD_RUNPATH_SEARCH_PATHS = (
					"$(inherited)",
					"@executable_path/Frameworks",
					"@loader_path/Frameworks",
				);
				PRODUCT_BUNDLE_IDENTIFIER = shin.CameraAndLibraryTests;
				PRODUCT_NAME = "$(TARGET_NAME)";
				SWIFT_VERSION = 4.2;
				TARGETED_DEVICE_FAMILY = "1,2";
				TEST_HOST = "$(BUILT_PRODUCTS_DIR)/CameraAndLibrary.app/CameraAndLibrary";
			};
			name = Debug;
		};
		61DBCE0F222626170091EF26 /* Release */ = {
			isa = XCBuildConfiguration;
			baseConfigurationReference = 7C01A363890B2FCABEF0D102 /* Pods-CameraAndLibraryTests.release.xcconfig */;
			buildSettings = {
				ALWAYS_EMBED_SWIFT_STANDARD_LIBRARIES = YES;
				BUNDLE_LOADER = "$(TEST_HOST)";
				CODE_SIGN_STYLE = Automatic;
				INFOPLIST_FILE = CameraAndLibraryTests/Info.plist;
				LD_RUNPATH_SEARCH_PATHS = (
					"$(inherited)",
					"@executable_path/Frameworks",
					"@loader_path/Frameworks",
				);
				PRODUCT_BUNDLE_IDENTIFIER = shin.CameraAndLibraryTests;
				PRODUCT_NAME = "$(TARGET_NAME)";
				SWIFT_VERSION = 4.2;
				TARGETED_DEVICE_FAMILY = "1,2";
				TEST_HOST = "$(BUILT_PRODUCTS_DIR)/CameraAndLibrary.app/CameraAndLibrary";
			};
			name = Release;
		};
		61DBCE11222626170091EF26 /* Debug */ = {
			isa = XCBuildConfiguration;
			baseConfigurationReference = 011378AA459FE923EF17AD21 /* Pods-CameraAndLibraryUITests.debug.xcconfig */;
			buildSettings = {
				ALWAYS_EMBED_SWIFT_STANDARD_LIBRARIES = YES;
				CODE_SIGN_STYLE = Automatic;
				INFOPLIST_FILE = CameraAndLibraryUITests/Info.plist;
				LD_RUNPATH_SEARCH_PATHS = (
					"$(inherited)",
					"@executable_path/Frameworks",
					"@loader_path/Frameworks",
				);
				PRODUCT_BUNDLE_IDENTIFIER = shin.CameraAndLibraryUITests;
				PRODUCT_NAME = "$(TARGET_NAME)";
				SWIFT_VERSION = 4.2;
				TARGETED_DEVICE_FAMILY = "1,2";
				TEST_TARGET_NAME = CameraAndLibrary;
			};
			name = Debug;
		};
		61DBCE12222626170091EF26 /* Release */ = {
			isa = XCBuildConfiguration;
			baseConfigurationReference = 882B9819050076AD762C42C1 /* Pods-CameraAndLibraryUITests.release.xcconfig */;
			buildSettings = {
				ALWAYS_EMBED_SWIFT_STANDARD_LIBRARIES = YES;
				CODE_SIGN_STYLE = Automatic;
				INFOPLIST_FILE = CameraAndLibraryUITests/Info.plist;
				LD_RUNPATH_SEARCH_PATHS = (
					"$(inherited)",
					"@executable_path/Frameworks",
					"@loader_path/Frameworks",
				);
				PRODUCT_BUNDLE_IDENTIFIER = shin.CameraAndLibraryUITests;
				PRODUCT_NAME = "$(TARGET_NAME)";
				SWIFT_VERSION = 4.2;
				TARGETED_DEVICE_FAMILY = "1,2";
				TEST_TARGET_NAME = CameraAndLibrary;
			};
			name = Release;
		};
/* End XCBuildConfiguration section */

/* Begin XCConfigurationList section */
		61DBCDDD222626140091EF26 /* Build configuration list for PBXProject "CameraAndLibrary" */ = {
			isa = XCConfigurationList;
			buildConfigurations = (
				61DBCE08222626170091EF26 /* Debug */,
				61DBCE09222626170091EF26 /* Release */,
			);
			defaultConfigurationIsVisible = 0;
			defaultConfigurationName = Release;
		};
		61DBCE0A222626170091EF26 /* Build configuration list for PBXNativeTarget "CameraAndLibrary" */ = {
			isa = XCConfigurationList;
			buildConfigurations = (
				61DBCE0B222626170091EF26 /* Debug */,
				61DBCE0C222626170091EF26 /* Release */,
			);
			defaultConfigurationIsVisible = 0;
			defaultConfigurationName = Release;
		};
		61DBCE0D222626170091EF26 /* Build configuration list for PBXNativeTarget "CameraAndLibraryTests" */ = {
			isa = XCConfigurationList;
			buildConfigurations = (
				61DBCE0E222626170091EF26 /* Debug */,
				61DBCE0F222626170091EF26 /* Release */,
			);
			defaultConfigurationIsVisible = 0;
			defaultConfigurationName = Release;
		};
		61DBCE10222626170091EF26 /* Build configuration list for PBXNativeTarget "CameraAndLibraryUITests" */ = {
			isa = XCConfigurationList;
			buildConfigurations = (
				61DBCE11222626170091EF26 /* Debug */,
				61DBCE12222626170091EF26 /* Release */,
			);
			defaultConfigurationIsVisible = 0;
			defaultConfigurationName = Release;
		};
/* End XCConfigurationList section */
	};
	rootObject = 61DBCDDA222626140091EF26 /* Project object */;
}
